{
    "_readme": [
        "This file locks the dependencies of your project to a known state",
        "Read more about it at https://getcomposer.org/doc/01-basic-usage.md#installing-dependencies",
        "This file is @generated automatically"
    ],
    "content-hash": "b755ab34beacda6709a0d3a3093b530d",
    "packages": [
        {
            "name": "arvenil/ninja-mutex",
            "version": "0.6.0",
            "source": {
                "type": "git",
                "url": "https://github.com/arvenil/mutex.git",
                "reference": "8c0f5d10f8fb1481b9d98488dbbe2bf84c2e1a25"
            },
            "dist": {
                "type": "zip",
                "url": "https://api.github.com/repos/arvenil/mutex/zipball/8c0f5d10f8fb1481b9d98488dbbe2bf84c2e1a25",
                "reference": "8c0f5d10f8fb1481b9d98488dbbe2bf84c2e1a25",
                "shasum": ""
            },
            "require": {
                "php": ">=5.3.0"
            },
            "require-dev": {
                "codeclimate/php-test-reporter": "0.1.*",
                "ext-memcache": "*",
                "ext-memcached": "*",
                "ext-pdo_mysql": "*",
                "ext-redis": "*",
                "mikey179/vfsstream": "1.4.* || 1.5.*",
                "predis/predis": "1.0.*",
                "scrutinizer/ocular": "1.1.*"
            },
            "suggest": {
                "ext-memcache": "Create mutex using memcache extension",
                "ext-memcached": "Create mutex using memcached extension",
                "ext-pdo_mysql": "Create mutex using MySql",
                "predis/predis": "Create mutex using Predis (client library for Redis)"
            },
            "type": "library",
            "autoload": {
                "psr-0": {
                    "NinjaMutex": "src/"
                }
            },
            "notification-url": "https://packagist.org/downloads/",
            "license": [
                "MIT"
            ],
            "authors": [
                {
                    "name": "Kamil Dziedzic",
                    "email": "arvenil@klecza.pl"
                }
            ],
            "description": "Simple to use mutex implementation that can use flock, memcache, memcached, mysql or redis for locking",
            "homepage": "https://github.com/arvenil/ninja-mutex",
            "keywords": [
                "flock",
                "lock",
                "locking",
                "memcache",
                "memcached",
                "mutex",
                "mysql",
                "redis"
            ],
            "support": {
                "issues": "https://github.com/arvenil/mutex/issues",
                "source": "https://github.com/arvenil/mutex/tree/0.6.0"
            },
            "funding": [
                {
                    "url": "https://github.com/arvenil",
                    "type": "github"
                }
            ],
            "time": "2016-05-31T13:47:32+00:00"
        },
        {
            "name": "bcosca/fatfree-core",
            "version": "3.7.3",
            "source": {
                "type": "git",
                "url": "https://github.com/bcosca/fatfree-core.git",
                "reference": "3e23ae05384b2f830e99c5888b94118819ed948b"
            },
            "dist": {
                "type": "zip",
                "url": "https://api.github.com/repos/bcosca/fatfree-core/zipball/3e23ae05384b2f830e99c5888b94118819ed948b",
                "reference": "3e23ae05384b2f830e99c5888b94118819ed948b",
                "shasum": ""
            },
            "require": {
                "php": ">=5.4"
            },
            "type": "library",
            "autoload": {
                "classmap": [
                    "."
                ]
            },
            "notification-url": "https://packagist.org/downloads/",
            "license": [
                "GPL-3.0"
            ],
            "description": "A powerful yet easy-to-use PHP micro-framework designed to help you build dynamic and robust Web applications - fast!",
            "homepage": "http://fatfreeframework.com/",
            "support": {
                "issues": "https://github.com/bcosca/fatfree-core/issues",
                "source": "https://github.com/bcosca/fatfree-core/tree/3.7.3"
            },
            "time": "2020-12-13T12:49:39+00:00"
        },
        {
            "name": "laminas/laminas-db",
            "version": "2.13.4",
            "source": {
                "type": "git",
                "url": "https://github.com/laminas/laminas-db.git",
                "reference": "cdabb4bfa669c2c0edb0cb4e014c15b41afd3fb1"
            },
            "dist": {
                "type": "zip",
                "url": "https://api.github.com/repos/laminas/laminas-db/zipball/cdabb4bfa669c2c0edb0cb4e014c15b41afd3fb1",
                "reference": "cdabb4bfa669c2c0edb0cb4e014c15b41afd3fb1",
                "shasum": ""
            },
            "require": {
                "laminas/laminas-stdlib": "^3.6",
                "php": "^7.3 || ~8.0.0 || ~8.1.0"
            },
            "conflict": {
                "zendframework/zend-db": "*"
            },
            "require-dev": {
                "laminas/laminas-coding-standard": "~2.2.1",
                "laminas/laminas-eventmanager": "^3.4",
                "laminas/laminas-hydrator": "^3.2 || ^4.3",
                "laminas/laminas-servicemanager": "^3.7",
                "phpunit/phpunit": "^9.5.5"
            },
            "suggest": {
                "laminas/laminas-eventmanager": "Laminas\\EventManager component",
                "laminas/laminas-hydrator": "(^3.2 || ^4.3) Laminas\\Hydrator component for using HydratingResultSets",
                "laminas/laminas-servicemanager": "Laminas\\ServiceManager component"
            },
            "type": "library",
            "extra": {
                "laminas": {
                    "component": "Laminas\\Db",
                    "config-provider": "Laminas\\Db\\ConfigProvider"
                }
            },
            "autoload": {
                "psr-4": {
                    "Laminas\\Db\\": "src/"
                }
            },
            "notification-url": "https://packagist.org/downloads/",
            "license": [
                "BSD-3-Clause"
            ],
            "description": "Database abstraction layer, SQL abstraction, result set abstraction, and RowDataGateway and TableDataGateway implementations",
            "homepage": "https://laminas.dev",
            "keywords": [
                "db",
                "laminas"
            ],
            "support": {
                "chat": "https://laminas.dev/chat",
                "docs": "https://docs.laminas.dev/laminas-db/",
                "forum": "https://discourse.laminas.dev",
                "issues": "https://github.com/laminas/laminas-db/issues",
                "rss": "https://github.com/laminas/laminas-db/releases.atom",
                "source": "https://github.com/laminas/laminas-db"
            },
            "funding": [
                {
                    "url": "https://funding.communitybridge.org/projects/laminas-project",
                    "type": "community_bridge"
                }
            ],
            "time": "2021-09-21T18:59:44+00:00"
        },
        {
            "name": "laminas/laminas-stdlib",
            "version": "3.6.4",
            "source": {
                "type": "git",
                "url": "https://github.com/laminas/laminas-stdlib.git",
                "reference": "830a36d93aeaf06e540e90ec031babb3c6eafadb"
            },
            "dist": {
                "type": "zip",
                "url": "https://api.github.com/repos/laminas/laminas-stdlib/zipball/830a36d93aeaf06e540e90ec031babb3c6eafadb",
                "reference": "830a36d93aeaf06e540e90ec031babb3c6eafadb",
                "shasum": ""
            },
            "require": {
                "php": "^7.3 || ~8.0.0 || ~8.1.0"
            },
            "conflict": {
                "zendframework/zend-stdlib": "*"
            },
            "require-dev": {
                "laminas/laminas-coding-standard": "~2.3.0",
                "phpbench/phpbench": "^0.17.1",
                "phpunit/phpunit": "~9.3.7",
                "psalm/plugin-phpunit": "^0.16.0",
                "vimeo/psalm": "^4.7"
            },
            "type": "library",
            "autoload": {
                "psr-4": {
                    "Laminas\\Stdlib\\": "src/"
                }
            },
            "notification-url": "https://packagist.org/downloads/",
            "license": [
                "BSD-3-Clause"
            ],
            "description": "SPL extensions, array utilities, error handlers, and more",
            "homepage": "https://laminas.dev",
            "keywords": [
                "laminas",
                "stdlib"
            ],
            "support": {
                "chat": "https://laminas.dev/chat",
                "docs": "https://docs.laminas.dev/laminas-stdlib/",
                "forum": "https://discourse.laminas.dev",
                "issues": "https://github.com/laminas/laminas-stdlib/issues",
                "rss": "https://github.com/laminas/laminas-stdlib/releases.atom",
                "source": "https://github.com/laminas/laminas-stdlib"
            },
            "funding": [
                {
                    "url": "https://funding.communitybridge.org/projects/laminas-project",
                    "type": "community_bridge"
                }
            ],
            "time": "2021-12-29T14:33:01+00:00"
        },
        {
            "name": "nanawel/zend-db-sql-insertmultiple",
            "version": "dev-master",
            "source": {
                "type": "git",
                "url": "https://github.com/nanawel/zend-db-sql-insertmultiple.git",
                "reference": "73bb6aec0b22c6c8a0116b4bdee3fe9eb7763df6"
            },
            "dist": {
                "type": "zip",
                "url": "https://api.github.com/repos/nanawel/zend-db-sql-insertmultiple/zipball/73bb6aec0b22c6c8a0116b4bdee3fe9eb7763df6",
                "reference": "73bb6aec0b22c6c8a0116b4bdee3fe9eb7763df6",
                "shasum": ""
            },
            "require": {
                "laminas/laminas-db": "~2.5",
                "laminas/laminas-stdlib": "^2.5 || ^3.0",
                "php": ">=5.3.23"
            },
            "default-branch": true,
            "type": "library",
            "autoload": {
                "psr-4": {
                    "Laminas\\Db\\": "src/"
                }
            },
            "notification-url": "https://packagist.org/downloads/",
            "license": [
                "BSD-3-Clause"
            ],
            "homepage": "https://github.com/nanawel/zend-db-sql-insertmultiple",
            "keywords": [
                "db",
                "laminas",
                "zf2"
            ],
            "support": {
                "issues": "https://github.com/nanawel/zend-db-sql-insertmultiple/issues",
                "source": "https://github.com/nanawel/zend-db-sql-insertmultiple/tree/2.1"
            },
            "time": "2022-01-08T09:59:30+00:00"
        }
    ],
    "packages-dev": [],
    "aliases": [],
    "minimum-stability": "stable",
    "stability-flags": {
        "nanawel/zend-db-sql-insertmultiple": 20
    },
    "prefer-stable": false,
    "prefer-lowest": false,
    "platform": {
        "php": "~7.3"
    },
    "platform-dev": {},
    "plugin-api-version": "2.6.0"
}
